
Microsoft Visual Studio Solution File, Format Version 12.00
# Visual Studio 15
VisualStudioVersion = 15.0.28307.1209
MinimumVisualStudioVersion = 10.0.40219.1
Project("{FAE04EC0-301F-11D3-BF4B-00C04F79EFBC}") = "ProyectoEntregable2", "ProyectoEntregable2\ProyectoEntregable2.csproj", "{1EC7BF3C-99EF-440C-9E54-F29C2D654FEE}"
EndProject
Global
	GlobalSection(SolutionConfigurationPlatforms) = preSolution
		Debug|Any CPU = Debug|Any CPU
		Release|Any CPU = Release|Any CPU
	EndGlobalSection
	GlobalSection(ProjectConfigurationPlatforms) = postSolution
		{1EC7BF3C-99EF-440C-9E54-F29C2D654FEE}.Debug|Any CPU.ActiveCfg = Debug|Any CPU
		{1EC7BF3C-99EF-440C-9E54-F29C2D654FEE}.Debug|Any CPU.Build.0 = Debug|Any CPU
		{1EC7BF3C-99EF-440C-9E54-F29C2D654FEE}.Release|Any CPU.ActiveCfg = Release|Any CPU
		{1EC7BF3C-99EF-440C-9E54-F29C2D654FEE}.Release|Any CPU.Build.0 = Release|Any CPU
	EndGlobalSection
	GlobalSection(SolutionProperties) = preSolution
		HideSolutionNode = FALSE
	EndGlobalSection
	GlobalSection(ExtensibilityGlobals) = postSolution
		SolutionGuid = {385B3FBC-2DB2-497B-B1DF-FD1F031B3C65}
	EndGlobalSection
EndGlobal
